# This file is automatically @generated by Cargo.
# It is not intended for manual editing.
version = 3

[[package]]
name = "bitflags"
version = "1.3.2"
source = "registry+https://github.com/rust-lang/crates.io-index"
checksum = "bef38d45163c2f1dde094a7dfd33ccf595c92905c8f8f4fdc18d06fb1037718a"

[[package]]
name = "hello"
version = "0.1.0"
dependencies = [
 "hello-bindings",
 "wit-bindgen-guest-rust",
]

[[package]]
name = "hello-bindings"
version = "0.1.0"
dependencies = [
 "wit-bindgen-guest-rust",
]

[[package]]
name = "wit-bindgen-guest-rust"
version = "0.3.0"
source = "git+https://github.com/bytecodealliance/wit-bindgen#0b45c736f6ca2454bf2eb1c7075e1ffaf22d9844"
dependencies = [
 "bitflags",
]
